alembic==1.15.1
annotated-types==0.7.0
anyio==4.9.0
apispec==6.8.1
arrow==1.3.0
astroid==3.3.9
attrs==25.3.0
Authlib==1.5.1
backoff==2.2.1
beautifulsoup4==4.13.3
blinker==1.9.0
certifi==2025.1.31
cffi==1.17.1
charset-normalizer==3.4.1
click==8.1.8
coverage==7.7.0
coverage-conditional-plugin==0.9.0
cpe==1.3.1
cryptography==44.0.2
defusedxml==0.7.1
dill==0.3.9
elastic-transport==8.17.1
elasticsearch==8.17.2
factory_boy==3.3.3
Faker==37.0.0
fido2==1.2.0
file-magic==0.4.1
flake8==7.1.2
Flask==3.1.0
flask-cors==5.0.1
Flask-Login==0.6.3
Flask-Migrate==4.1.0
flask-smorest==0.45.0
Flask-SQLAlchemy==3.1.1
Flask-WTF==1.2.2
gql==3.5.2
graphql-core==3.2.4
greenlet==3.1.1
gunicorn==23.0.0
h11==0.14.0
idna==3.10
inflection==0.5.1
iniconfig==2.0.0
isort==6.0.1
itsdangerous==2.2.0
Jinja2==3.1.6
lark==1.2.2
littletable==3.0.1
lxml==5.3.1
Mako==1.3.9
MarkupSafe==3.0.2
marshmallow==3.26.1
mccabe==0.7.0
multidict==6.1.0
outcome==1.3.0.post0
packaging==24.2
passlib==1.7.4
platformdirs==4.3.6
pluggy==1.5.0
propcache==0.3.0
psycopg2==2.9.10
pycodestyle==2.12.1
pycparser==2.22
pydantic==2.10.6
pydantic-extra-types==2.10.3
pydantic_core==2.27.2
pyflakes==3.2.0
pylint==3.3.5
pyroute2==0.8.1
PySocks==1.7.1
pyTenable==1.7.4
pytest==8.3.5
pytest-base-url==2.1.0
pytest-factoryboy==2.7.0
pytest-flask==1.3.0
pytest-html==4.1.1
pytest-metadata==3.1.1
pytest-selenium==4.1.0
pytest-variables==3.1.0
pytest_httpserver==1.1.2
python-box==7.3.2
python-dateutil==2.9.0.post0
python-libnmap @ git+https://github.com/snerstack/python-libnmap@9a40fe62bd27ebcad8e7bf7d88a4a65b3d7d20ee
pytimeparse==1.1.8
PyYAML==6.0.2
requests==2.32.3
requests-toolbelt==1.0.0
restfly==1.5.1
schema==0.7.7
selenium==4.29.0
semver==3.0.4
six==1.17.0
sniffio==1.3.1
soft-webauthn==0.1.4
sortedcontainers==2.4.0
soupsieve==2.6
SQLAlchemy==2.0.39
sqlalchemy-datatables==2.0.1
sqlalchemy-filters @ git+https://github.com/snerstack/sqlalchemy-filters@704a2d0885c5368480e31aae6870254c1aadf5c3
tenacity==9.0.0
tomlkit==0.13.2
trio==0.29.0
trio-websocket==0.12.2
types-python-dateutil==2.9.0.20241206
typing_extensions==4.12.2
tzdata==2025.1
urllib3==2.3.0
waitress==3.0.2
webargs==8.6.0
WebOb==1.8.9
websocket-client==1.8.0
WebTest==3.0.4
Werkzeug==3.1.3
wsproto==1.2.0
WTForms==3.2.1
yarl==1.18.3
